
Microsoft Visual Studio Solution File, Format Version 12.00
# Visual Studio Version 17
VisualStudioVersion = 17.10.35122.118
MinimumVisualStudioVersion = 10.0.40219.1
Project("{FAE04EC0-301F-11D3-BF4B-00C04F79EFBC}") = "Fecha de nacimiiento", "Fecha de nacimiiento.csproj", "{5E4CC2A5-8564-49BC-8478-E3B95C3F7BCB}"
EndProject
Global
	GlobalSection(SolutionConfigurationPlatforms) = preSolution
		Debug|Any CPU = Debug|Any CPU
		Release|Any CPU = Release|Any CPU
	EndGlobalSection
	GlobalSection(ProjectConfigurationPlatforms) = postSolution
		{5E4CC2A5-8564-49BC-8478-E3B95C3F7BCB}.Debug|Any CPU.ActiveCfg = Debug|Any CPU
		{5E4CC2A5-8564-49BC-8478-E3B95C3F7BCB}.Debug|Any CPU.Build.0 = Debug|Any CPU
		{5E4CC2A5-8564-49BC-8478-E3B95C3F7BCB}.Release|Any CPU.ActiveCfg = Release|Any CPU
		{5E4CC2A5-8564-49BC-8478-E3B95C3F7BCB}.Release|Any CPU.Build.0 = Release|Any CPU
	EndGlobalSection
	GlobalSection(SolutionProperties) = preSolution
		HideSolutionNode = FALSE
	EndGlobalSection
	GlobalSection(ExtensibilityGlobals) = postSolution
		SolutionGuid = {54EF78A0-6DB5-4A44-A39F-FEBDBA8479EE}
	EndGlobalSection
EndGlobal
